
Microsoft Visual Studio Solution File, Format Version 12.00
# Visual Studio Version 17
VisualStudioVersion = 17.9.34622.214
MinimumVisualStudioVersion = 10.0.40219.1
Project("{FAE04EC0-301F-11D3-BF4B-00C04F79EFBC}") = "WindowsFormsApp6", "WindowsFormsApp6\WindowsFormsApp6.csproj", "{AC1F5279-3585-4E26-8936-5C4D81E46914}"
EndProject
Global
	GlobalSection(SolutionConfigurationPlatforms) = preSolution
		Debug|Any CPU = Debug|Any CPU
		Release|Any CPU = Release|Any CPU
	EndGlobalSection
	GlobalSection(ProjectConfigurationPlatforms) = postSolution
		{AC1F5279-3585-4E26-8936-5C4D81E46914}.Debug|Any CPU.ActiveCfg = Debug|Any CPU
		{AC1F5279-3585-4E26-8936-5C4D81E46914}.Debug|Any CPU.Build.0 = Debug|Any CPU
		{AC1F5279-3585-4E26-8936-5C4D81E46914}.Release|Any CPU.ActiveCfg = Release|Any CPU
		{AC1F5279-3585-4E26-8936-5C4D81E46914}.Release|Any CPU.Build.0 = Release|Any CPU
	EndGlobalSection
	GlobalSection(SolutionProperties) = preSolution
		HideSolutionNode = FALSE
	EndGlobalSection
	GlobalSection(ExtensibilityGlobals) = postSolution
		SolutionGuid = {11B82A03-A12F-433B-BCB0-16FC3973EF5D}
	EndGlobalSection
EndGlobal
